
Microsoft Visual Studio Solution File, Format Version 12.00
# Visual Studio Version 17
VisualStudioVersion = 17.10.34928.147
MinimumVisualStudioVersion = 10.0.40219.1
Project("{2150E333-8FDC-42A3-9474-1A3956D46DE8}") = "App", "App", "{98CBD001-39D8-47D5-BC37-F33930588DA5}"
EndProject
Project("{2150E333-8FDC-42A3-9474-1A3956D46DE8}") = "Api", "Api", "{39B78C68-F031-4DA4-A657-31E05EF1F497}"
EndProject
Project("{2150E333-8FDC-42A3-9474-1A3956D46DE8}") = "Utility", "Utility", "{EF644AC6-0F4F-409D-9F5A-00C40E043FAF}"
EndProject
Project("{9A19103F-16F7-4668-BE54-9A1E7A4F7556}") = "Api.Abstractions", "Api.Abstractions\Api.Abstractions.csproj", "{026F8737-B596-4AE2-8197-F01C1B358476}"
EndProject
Project("{9A19103F-16F7-4668-BE54-9A1E7A4F7556}") = "Api.Services", "Api.Services\Api.Services.csproj", "{EE2154F0-F563-4449-A9A0-EDF70932301D}"
EndProject
Project("{9A19103F-16F7-4668-BE54-9A1E7A4F7556}") = "Api.Repository", "Api.Repository\Api.Repository.csproj", "{FA42D6CC-B26A-428D-AE88-2BCDA668202F}"
EndProject
Project("{9A19103F-16F7-4668-BE54-9A1E7A4F7556}") = "Api.Applications", "Api.Applications\Api.Applications.csproj", "{873AED78-8834-42CB-A291-CB5F7B87E8A8}"
EndProject
Project("{9A19103F-16F7-4668-BE54-9A1E7A4F7556}") = "Api.Dtos", "Api.Dtos\Api.Dtos.csproj", "{30936D8B-6C59-4027-9E29-63BC10922326}"
EndProject
Project("{9A19103F-16F7-4668-BE54-9A1E7A4F7556}") = "Api", "Api\Api.csproj", "{A791F025-8445-4660-AF65-0000FFCED5F8}"
EndProject
Project("{FAE04EC0-301F-11D3-BF4B-00C04F79EFBC}") = "APP", "APP\APP.csproj", "{B8BBD02D-4012-4A2E-9613-928DD78E14A4}"
EndProject
Global
	GlobalSection(SolutionConfigurationPlatforms) = preSolution
		Debug|Any CPU = Debug|Any CPU
		Release|Any CPU = Release|Any CPU
	EndGlobalSection
	GlobalSection(ProjectConfigurationPlatforms) = postSolution
		{026F8737-B596-4AE2-8197-F01C1B358476}.Debug|Any CPU.ActiveCfg = Debug|Any CPU
		{026F8737-B596-4AE2-8197-F01C1B358476}.Debug|Any CPU.Build.0 = Debug|Any CPU
		{026F8737-B596-4AE2-8197-F01C1B358476}.Release|Any CPU.ActiveCfg = Release|Any CPU
		{026F8737-B596-4AE2-8197-F01C1B358476}.Release|Any CPU.Build.0 = Release|Any CPU
		{EE2154F0-F563-4449-A9A0-EDF70932301D}.Debug|Any CPU.ActiveCfg = Debug|Any CPU
		{EE2154F0-F563-4449-A9A0-EDF70932301D}.Debug|Any CPU.Build.0 = Debug|Any CPU
		{EE2154F0-F563-4449-A9A0-EDF70932301D}.Release|Any CPU.ActiveCfg = Release|Any CPU
		{EE2154F0-F563-4449-A9A0-EDF70932301D}.Release|Any CPU.Build.0 = Release|Any CPU
		{FA42D6CC-B26A-428D-AE88-2BCDA668202F}.Debug|Any CPU.ActiveCfg = Debug|Any CPU
		{FA42D6CC-B26A-428D-AE88-2BCDA668202F}.Debug|Any CPU.Build.0 = Debug|Any CPU
		{FA42D6CC-B26A-428D-AE88-2BCDA668202F}.Release|Any CPU.ActiveCfg = Release|Any CPU
		{FA42D6CC-B26A-428D-AE88-2BCDA668202F}.Release|Any CPU.Build.0 = Release|Any CPU
		{873AED78-8834-42CB-A291-CB5F7B87E8A8}.Debug|Any CPU.ActiveCfg = Debug|Any CPU
		{873AED78-8834-42CB-A291-CB5F7B87E8A8}.Debug|Any CPU.Build.0 = Debug|Any CPU
		{873AED78-8834-42CB-A291-CB5F7B87E8A8}.Release|Any CPU.ActiveCfg = Release|Any CPU
		{873AED78-8834-42CB-A291-CB5F7B87E8A8}.Release|Any CPU.Build.0 = Release|Any CPU
		{30936D8B-6C59-4027-9E29-63BC10922326}.Debug|Any CPU.ActiveCfg = Debug|Any CPU
		{30936D8B-6C59-4027-9E29-63BC10922326}.Debug|Any CPU.Build.0 = Debug|Any CPU
		{30936D8B-6C59-4027-9E29-63BC10922326}.Release|Any CPU.ActiveCfg = Release|Any CPU
		{30936D8B-6C59-4027-9E29-63BC10922326}.Release|Any CPU.Build.0 = Release|Any CPU
		{A791F025-8445-4660-AF65-0000FFCED5F8}.Debug|Any CPU.ActiveCfg = Debug|Any CPU
		{A791F025-8445-4660-AF65-0000FFCED5F8}.Debug|Any CPU.Build.0 = Debug|Any CPU
		{A791F025-8445-4660-AF65-0000FFCED5F8}.Release|Any CPU.ActiveCfg = Release|Any CPU
		{A791F025-8445-4660-AF65-0000FFCED5F8}.Release|Any CPU.Build.0 = Release|Any CPU
		{B8BBD02D-4012-4A2E-9613-928DD78E14A4}.Debug|Any CPU.ActiveCfg = Debug|Any CPU
		{B8BBD02D-4012-4A2E-9613-928DD78E14A4}.Debug|Any CPU.Build.0 = Debug|Any CPU
		{B8BBD02D-4012-4A2E-9613-928DD78E14A4}.Release|Any CPU.ActiveCfg = Release|Any CPU
		{B8BBD02D-4012-4A2E-9613-928DD78E14A4}.Release|Any CPU.Build.0 = Release|Any CPU
	EndGlobalSection
	GlobalSection(SolutionProperties) = preSolution
		HideSolutionNode = FALSE
	EndGlobalSection
	GlobalSection(NestedProjects) = preSolution
		{026F8737-B596-4AE2-8197-F01C1B358476} = {39B78C68-F031-4DA4-A657-31E05EF1F497}
		{EE2154F0-F563-4449-A9A0-EDF70932301D} = {39B78C68-F031-4DA4-A657-31E05EF1F497}
		{FA42D6CC-B26A-428D-AE88-2BCDA668202F} = {39B78C68-F031-4DA4-A657-31E05EF1F497}
		{873AED78-8834-42CB-A291-CB5F7B87E8A8} = {39B78C68-F031-4DA4-A657-31E05EF1F497}
		{30936D8B-6C59-4027-9E29-63BC10922326} = {EF644AC6-0F4F-409D-9F5A-00C40E043FAF}
		{A791F025-8445-4660-AF65-0000FFCED5F8} = {39B78C68-F031-4DA4-A657-31E05EF1F497}
		{B8BBD02D-4012-4A2E-9613-928DD78E14A4} = {98CBD001-39D8-47D5-BC37-F33930588DA5}
	EndGlobalSection
	GlobalSection(ExtensibilityGlobals) = postSolution
		SolutionGuid = {460B0533-FE99-4411-A8A1-923209FD1C97}
	EndGlobalSection
EndGlobal
